<?xml version="1.0" encoding="utf-8"?>
<Project ToolsVersion="4.0" xmlns="http://schemas.microsoft.com/developer/msbuild/2003">
  <ItemGroup>
    <Filter Include="Source Files">
      <UniqueIdentifier>{4FC737F1-C7A5-4376-A066-2A32D752A2FF}</UniqueIdentifier>
      <Extensions>cpp;c;cc;cxx;def;odl;idl;hpj;bat;asm;asmx</Extensions>
    </Filter>
    <Filter Include="Header Files">
      <UniqueIdentifier>{93995380-89BD-4b04-88EB-625FBE52EBFB}</UniqueIdentifier>
      <Extensions>h;hh;hpp;hxx;hm;inl;inc;ipp;xsd</Extensions>
    </Filter>
    <Filter Include="Resource Files">
      <UniqueIdentifier>{67DA6AB6-F800-4c08-8B7A-83BB121AAD01}</UniqueIdentifier>
      <Extensions>rc;ico;cur;bmp;dlg;rc2;rct;bin;rgs;gif;jpg;jpeg;jpe;resx;tiff;tif;png;wav;mfcribbon-ms</Extensions>
    </Filter>
  </ItemGroup>
  <ItemGroup>
    <ClCompile Include="glad.c">
      <Filter>Source Files</Filter>
    </ClCompile>
    <ClCompile Include="Utilities\FileUtils\FileUtils.cpp">
      <Filter>Source Files</Filter>
    </ClCompile>
    <ClCompile Include="Utilities\ShaderUtils\ShaderUtils.cpp">
      <Filter>Source Files</Filter>
    </ClCompile>
    <ClCompile Include="Utilities\Scale\Scale.cpp">
      <Filter>Source Files</Filter>
    </ClCompile>
    <ClCompile Include="Math\Vector2f.cpp">
      <Filter>Source Files</Filter>
    </ClCompile>
    <ClCompile Include="Math\Vector3f.cpp">
      <Filter>Source Files</Filter>
    </ClCompile>
    <ClCompile Include="Core\Texture.cpp">
      <Filter>Source Files</Filter>
    </ClCompile>
    <ClCompile Include="Core\Shader.cpp">
      <Filter>Source Files</Filter>
    </ClCompile>
    <ClCompile Include="Utilities\TextureUtils.cpp">
      <Filter>Source Files</Filter>
    </ClCompile>
    <ClCompile Include="Math\Matrix3f.cpp">
      <Filter>Source Files</Filter>
    </ClCompile>
    <ClCompile Include="Math\Matrix4f.cpp">
      <Filter>Source Files</Filter>
    </ClCompile>
    <ClCompile Include="main.cpp">
      <Filter>Source Files</Filter>
    </ClCompile>
    <ClCompile Include="Core\Time.cpp">
      <Filter>Source Files</Filter>
    </ClCompile>
    <ClCompile Include="Core\Camera.cpp">
      <Filter>Source Files</Filter>
    </ClCompile>
  </ItemGroup>
  <ItemGroup>
    <None Include="Shaders\Default\FragmentShader.fs" />
    <None Include="Shaders\Default\FragmentShader_s2.fs" />
    <None Include="Shaders\Default\VertexShader_s3.vs" />
    <None Include="Shaders\Default\VertexShader_s4.vs" />
    <None Include="Shaders\Default\VertexShader.vs" />
    <None Include="Shaders\Default\VertexShader_s5.vs" />
    <None Include="Shaders\Default\FragmentShader_s5.fs" />
    <None Include="glfw3.dll" />
    <None Include="Shaders\Default\FragmentShader_s6.fs" />
    <None Include="nanogui.dll" />
    <None Include="assimp-vc140-mt.dll" />
    <None Include="Models\Fbx\Susan.fbx" />
  </ItemGroup>
  <ItemGroup>
    <ClInclude Include="Utilities\FileUtils\FileUtils.h">
      <Filter>Header Files</Filter>
    </ClInclude>
    <ClInclude Include="Utilities\ShaderUtils\ShaderUtils.h">
      <Filter>Header Files</Filter>
    </ClInclude>
    <ClInclude Include="Math\Vector.h">
      <Filter>Header Files</Filter>
    </ClInclude>
    <ClInclude Include="Math\Vector2f.h">
      <Filter>Header Files</Filter>
    </ClInclude>
    <ClInclude Include="Math\Vector3f.h">
      <Filter>Header Files</Filter>
    </ClInclude>
    <ClInclude Include="Utilities\Scale\Scale.h">
      <Filter>Header Files</Filter>
    </ClInclude>
    <ClInclude Include="Core\Texture.h">
      <Filter>Header Files</Filter>
    </ClInclude>
    <ClInclude Include="Core\Vertex.h">
      <Filter>Header Files</Filter>
    </ClInclude>
    <ClInclude Include="Core\Shader.h">
      <Filter>Header Files</Filter>
    </ClInclude>
    <ClInclude Include="Utilities\TextureUtils.h">
      <Filter>Header Files</Filter>
    </ClInclude>
    <ClInclude Include="Math\Matrix3f.h">
      <Filter>Header Files</Filter>
    </ClInclude>
    <ClInclude Include="Math\Matrix4f.h">
      <Filter>Header Files</Filter>
    </ClInclude>
    <ClInclude Include="Core\Time.h">
      <Filter>Header Files</Filter>
    </ClInclude>
    <ClInclude Include="Core\Camera.h">
      <Filter>Header Files</Filter>
    </ClInclude>
  </ItemGroup>
  <ItemGroup>
    <Image Include="Textures\wall.jpg">
      <Filter>Resource Files</Filter>
    </Image>
    <Image Include="wall.jpg">
      <Filter>Resource Files</Filter>
    </Image>
    <Image Include="Textures\w_container.jpg">
      <Filter>Resource Files</Filter>
    </Image>
    <Image Include="Textures\awesomeface.png">
      <Filter>Resource Files</Filter>
    </Image>
    <Image Include="Textures\2DChar.png">
      <Filter>Resource Files</Filter>
    </Image>
  </ItemGroup>
</Project>